
Microsoft Visual Studio Solution File, Format Version 12.00
# Visual Studio Version 16
VisualStudioVersion = 16.0.30804.86
MinimumVisualStudioVersion = 10.0.40219.1
Project("{FAE04EC0-301F-11D3-BF4B-00C04F79EFBC}") = "DTO_QLK", "DTO_QLK\DTO_QLK.csproj", "{73DFB897-F01E-4820-AECC-8CA46CD13DB6}"
EndProject
Project("{FAE04EC0-301F-11D3-BF4B-00C04F79EFBC}") = "BUS_QLK", "BUS_QLK\BUS_QLK.csproj", "{2B078845-2B3B-498D-A92A-11AAC9A63803}"
EndProject
Project("{FAE04EC0-301F-11D3-BF4B-00C04F79EFBC}") = "DAL_QLK", "DAL_QLK\DAL_QLK.csproj", "{5795C60E-321E-4344-AF9F-C87EE470B7B2}"
EndProject
Project("{FAE04EC0-301F-11D3-BF4B-00C04F79EFBC}") = "GUI_QLK", "GUI_QLK\GUI_QLK.csproj", "{1B3D1ADF-3C78-40FC-AA77-97F13543BDB1}"
EndProject
Global
	GlobalSection(SolutionConfigurationPlatforms) = preSolution
		Debug|Any CPU = Debug|Any CPU
		Release|Any CPU = Release|Any CPU
	EndGlobalSection
	GlobalSection(ProjectConfigurationPlatforms) = postSolution
		{73DFB897-F01E-4820-AECC-8CA46CD13DB6}.Debug|Any CPU.ActiveCfg = Debug|Any CPU
		{73DFB897-F01E-4820-AECC-8CA46CD13DB6}.Debug|Any CPU.Build.0 = Debug|Any CPU
		{73DFB897-F01E-4820-AECC-8CA46CD13DB6}.Release|Any CPU.ActiveCfg = Release|Any CPU
		{73DFB897-F01E-4820-AECC-8CA46CD13DB6}.Release|Any CPU.Build.0 = Release|Any CPU
		{2B078845-2B3B-498D-A92A-11AAC9A63803}.Debug|Any CPU.ActiveCfg = Debug|Any CPU
		{2B078845-2B3B-498D-A92A-11AAC9A63803}.Debug|Any CPU.Build.0 = Debug|Any CPU
		{2B078845-2B3B-498D-A92A-11AAC9A63803}.Release|Any CPU.ActiveCfg = Release|Any CPU
		{2B078845-2B3B-498D-A92A-11AAC9A63803}.Release|Any CPU.Build.0 = Release|Any CPU
		{5795C60E-321E-4344-AF9F-C87EE470B7B2}.Debug|Any CPU.ActiveCfg = Debug|Any CPU
		{5795C60E-321E-4344-AF9F-C87EE470B7B2}.Debug|Any CPU.Build.0 = Debug|Any CPU
		{5795C60E-321E-4344-AF9F-C87EE470B7B2}.Release|Any CPU.ActiveCfg = Release|Any CPU
		{5795C60E-321E-4344-AF9F-C87EE470B7B2}.Release|Any CPU.Build.0 = Release|Any CPU
		{1B3D1ADF-3C78-40FC-AA77-97F13543BDB1}.Debug|Any CPU.ActiveCfg = Debug|Any CPU
		{1B3D1ADF-3C78-40FC-AA77-97F13543BDB1}.Debug|Any CPU.Build.0 = Debug|Any CPU
		{1B3D1ADF-3C78-40FC-AA77-97F13543BDB1}.Release|Any CPU.ActiveCfg = Release|Any CPU
		{1B3D1ADF-3C78-40FC-AA77-97F13543BDB1}.Release|Any CPU.Build.0 = Release|Any CPU
	EndGlobalSection
	GlobalSection(SolutionProperties) = preSolution
		HideSolutionNode = FALSE
	EndGlobalSection
	GlobalSection(ExtensibilityGlobals) = postSolution
		SolutionGuid = {3631A18F-8F55-48FF-A8F8-DDA27048BF95}
	EndGlobalSection
EndGlobal
